
Microsoft Visual Studio Solution File, Format Version 12.00
# Visual Studio Version 16
VisualStudioVersion = 16.0.31112.23
MinimumVisualStudioVersion = 10.0.40219.1
Project("{9A19103F-16F7-4668-BE54-9A1E7A4F7556}") = "Learning Angular and ASP.NET Core", "Learning Angular and ASP.NET Core.csproj", "{C96EC7A7-BDE8-42EA-B1E5-1329BC2D7308}"
EndProject
Global
	GlobalSection(SolutionConfigurationPlatforms) = preSolution
		Debug|Any CPU = Debug|Any CPU
		Release|Any CPU = Release|Any CPU
	EndGlobalSection
	GlobalSection(ProjectConfigurationPlatforms) = postSolution
		{C96EC7A7-BDE8-42EA-B1E5-1329BC2D7308}.Debug|Any CPU.ActiveCfg = Debug|Any CPU
		{C96EC7A7-BDE8-42EA-B1E5-1329BC2D7308}.Debug|Any CPU.Build.0 = Debug|Any CPU
		{C96EC7A7-BDE8-42EA-B1E5-1329BC2D7308}.Release|Any CPU.ActiveCfg = Release|Any CPU
		{C96EC7A7-BDE8-42EA-B1E5-1329BC2D7308}.Release|Any CPU.Build.0 = Release|Any CPU
	EndGlobalSection
	GlobalSection(SolutionProperties) = preSolution
		HideSolutionNode = FALSE
	EndGlobalSection
	GlobalSection(ExtensibilityGlobals) = postSolution
		SolutionGuid = {98F456C3-4828-4B0B-8140-23F436A36842}
	EndGlobalSection
EndGlobal
